
Microsoft Visual Studio Solution File, Format Version 12.00
# Visual Studio Version 16
VisualStudioVersion = 16.0.31005.135
MinimumVisualStudioVersion = 10.0.40219.1
Project("{2150E333-8FDC-42A3-9474-1A3956D46DE8}") = "src", "src", "{FAEBDB95-C4C5-478F-A4B1-09ACB0D47A6C}"
EndProject
Project("{2150E333-8FDC-42A3-9474-1A3956D46DE8}") = "Application", "Application", "{18F0CA58-9882-47D3-8501-FA0020ECF4F5}"
EndProject
Project("{2150E333-8FDC-42A3-9474-1A3956D46DE8}") = "Services", "Services", "{7E3DE116-9326-4B55-AD58-827620ECAB46}"
EndProject
Project("{2150E333-8FDC-42A3-9474-1A3956D46DE8}") = "Domain", "Domain", "{AC544AF4-733C-4DAB-8AC1-36C7AC8DEC83}"
EndProject
Project("{2150E333-8FDC-42A3-9474-1A3956D46DE8}") = "Infrastructure", "Infrastructure", "{D3C6143D-7F01-4B2D-8E2A-BC0B2F407243}"
EndProject
Project("{FAE04EC0-301F-11D3-BF4B-00C04F79EFBC}") = "MarsRover.Services", "src\Services\MarsRover.Services\MarsRover.Services.csproj", "{AE56E08B-AA39-45E4-8159-9462FA78AF79}"
EndProject
Project("{FAE04EC0-301F-11D3-BF4B-00C04F79EFBC}") = "MarsRover.App", "src\Application\MarsRover.App\MarsRover.App.csproj", "{FBC4053A-38BB-421E-87AD-F3C6A3B63B51}"
EndProject
Project("{2150E333-8FDC-42A3-9474-1A3956D46DE8}") = "Data", "Data", "{6C05F653-65A5-46D6-BFC8-6F5022D463EB}"
EndProject
Project("{2150E333-8FDC-42A3-9474-1A3956D46DE8}") = "Common", "Common", "{CFFD2D33-6551-4C5E-9C15-42D16AB77F86}"
EndProject
Project("{FAE04EC0-301F-11D3-BF4B-00C04F79EFBC}") = "MarsRover.Common", "src\Common\MarsRover.Common\MarsRover.Common.csproj", "{831FBC30-0AEE-458B-9326-04D0550ADBD9}"
EndProject
Project("{FAE04EC0-301F-11D3-BF4B-00C04F79EFBC}") = "MarsRover.Domain", "src\Domain\MarsRover.Domain\MarsRover.Domain.csproj", "{74794AE0-BA49-4950-85F6-334E1989C147}"
EndProject
Project("{2150E333-8FDC-42A3-9474-1A3956D46DE8}") = "Test", "Test", "{B45F0292-F82D-4EB1-91E2-54DFC85B2EE2}"
EndProject
Project("{FAE04EC0-301F-11D3-BF4B-00C04F79EFBC}") = "MarsRover.UnitTest", "Test\MarsRover.UnitTest\MarsRover.UnitTest.csproj", "{A95AA923-BD1A-481F-8AB7-176E5ACB54D8}"
EndProject
Global
	GlobalSection(SolutionConfigurationPlatforms) = preSolution
		Debug|Any CPU = Debug|Any CPU
		Release|Any CPU = Release|Any CPU
	EndGlobalSection
	GlobalSection(ProjectConfigurationPlatforms) = postSolution
		{AE56E08B-AA39-45E4-8159-9462FA78AF79}.Debug|Any CPU.ActiveCfg = Debug|Any CPU
		{AE56E08B-AA39-45E4-8159-9462FA78AF79}.Debug|Any CPU.Build.0 = Debug|Any CPU
		{AE56E08B-AA39-45E4-8159-9462FA78AF79}.Release|Any CPU.ActiveCfg = Release|Any CPU
		{AE56E08B-AA39-45E4-8159-9462FA78AF79}.Release|Any CPU.Build.0 = Release|Any CPU
		{FBC4053A-38BB-421E-87AD-F3C6A3B63B51}.Debug|Any CPU.ActiveCfg = Debug|Any CPU
		{FBC4053A-38BB-421E-87AD-F3C6A3B63B51}.Debug|Any CPU.Build.0 = Debug|Any CPU
		{FBC4053A-38BB-421E-87AD-F3C6A3B63B51}.Release|Any CPU.ActiveCfg = Release|Any CPU
		{FBC4053A-38BB-421E-87AD-F3C6A3B63B51}.Release|Any CPU.Build.0 = Release|Any CPU
		{831FBC30-0AEE-458B-9326-04D0550ADBD9}.Debug|Any CPU.ActiveCfg = Debug|Any CPU
		{831FBC30-0AEE-458B-9326-04D0550ADBD9}.Debug|Any CPU.Build.0 = Debug|Any CPU
		{831FBC30-0AEE-458B-9326-04D0550ADBD9}.Release|Any CPU.ActiveCfg = Release|Any CPU
		{831FBC30-0AEE-458B-9326-04D0550ADBD9}.Release|Any CPU.Build.0 = Release|Any CPU
		{74794AE0-BA49-4950-85F6-334E1989C147}.Debug|Any CPU.ActiveCfg = Debug|Any CPU
		{74794AE0-BA49-4950-85F6-334E1989C147}.Debug|Any CPU.Build.0 = Debug|Any CPU
		{74794AE0-BA49-4950-85F6-334E1989C147}.Release|Any CPU.ActiveCfg = Release|Any CPU
		{74794AE0-BA49-4950-85F6-334E1989C147}.Release|Any CPU.Build.0 = Release|Any CPU
		{A95AA923-BD1A-481F-8AB7-176E5ACB54D8}.Debug|Any CPU.ActiveCfg = Debug|Any CPU
		{A95AA923-BD1A-481F-8AB7-176E5ACB54D8}.Debug|Any CPU.Build.0 = Debug|Any CPU
		{A95AA923-BD1A-481F-8AB7-176E5ACB54D8}.Release|Any CPU.ActiveCfg = Release|Any CPU
		{A95AA923-BD1A-481F-8AB7-176E5ACB54D8}.Release|Any CPU.Build.0 = Release|Any CPU
	EndGlobalSection
	GlobalSection(SolutionProperties) = preSolution
		HideSolutionNode = FALSE
	EndGlobalSection
	GlobalSection(NestedProjects) = preSolution
		{18F0CA58-9882-47D3-8501-FA0020ECF4F5} = {FAEBDB95-C4C5-478F-A4B1-09ACB0D47A6C}
		{7E3DE116-9326-4B55-AD58-827620ECAB46} = {FAEBDB95-C4C5-478F-A4B1-09ACB0D47A6C}
		{AC544AF4-733C-4DAB-8AC1-36C7AC8DEC83} = {FAEBDB95-C4C5-478F-A4B1-09ACB0D47A6C}
		{D3C6143D-7F01-4B2D-8E2A-BC0B2F407243} = {FAEBDB95-C4C5-478F-A4B1-09ACB0D47A6C}
		{AE56E08B-AA39-45E4-8159-9462FA78AF79} = {7E3DE116-9326-4B55-AD58-827620ECAB46}
		{FBC4053A-38BB-421E-87AD-F3C6A3B63B51} = {18F0CA58-9882-47D3-8501-FA0020ECF4F5}
		{6C05F653-65A5-46D6-BFC8-6F5022D463EB} = {D3C6143D-7F01-4B2D-8E2A-BC0B2F407243}
		{CFFD2D33-6551-4C5E-9C15-42D16AB77F86} = {FAEBDB95-C4C5-478F-A4B1-09ACB0D47A6C}
		{831FBC30-0AEE-458B-9326-04D0550ADBD9} = {CFFD2D33-6551-4C5E-9C15-42D16AB77F86}
		{74794AE0-BA49-4950-85F6-334E1989C147} = {AC544AF4-733C-4DAB-8AC1-36C7AC8DEC83}
		{A95AA923-BD1A-481F-8AB7-176E5ACB54D8} = {B45F0292-F82D-4EB1-91E2-54DFC85B2EE2}
	EndGlobalSection
	GlobalSection(ExtensibilityGlobals) = postSolution
		SolutionGuid = {F5167398-E986-4674-8308-1BDF6C2BA560}
	EndGlobalSection
EndGlobal
